
Microsoft Visual Studio Solution File, Format Version 12.00
# Visual Studio Version 16
VisualStudioVersion = 16.0.31515.178
MinimumVisualStudioVersion = 10.0.40219.1
Project("{FAE04EC0-301F-11D3-BF4B-00C04F79EFBC}") = "CosmosDB", "CosmosDB\CosmosDB.csproj", "{73A8C09B-1F07-4385-8F66-0FD3813AF6FD}"
EndProject
Global
	GlobalSection(SolutionConfigurationPlatforms) = preSolution
		Debug|Any CPU = Debug|Any CPU
		Release|Any CPU = Release|Any CPU
	EndGlobalSection
	GlobalSection(ProjectConfigurationPlatforms) = postSolution
		{73A8C09B-1F07-4385-8F66-0FD3813AF6FD}.Debug|Any CPU.ActiveCfg = Debug|Any CPU
		{73A8C09B-1F07-4385-8F66-0FD3813AF6FD}.Debug|Any CPU.Build.0 = Debug|Any CPU
		{73A8C09B-1F07-4385-8F66-0FD3813AF6FD}.Release|Any CPU.ActiveCfg = Release|Any CPU
		{73A8C09B-1F07-4385-8F66-0FD3813AF6FD}.Release|Any CPU.Build.0 = Release|Any CPU
	EndGlobalSection
	GlobalSection(SolutionProperties) = preSolution
		HideSolutionNode = FALSE
	EndGlobalSection
	GlobalSection(ExtensibilityGlobals) = postSolution
		SolutionGuid = {3386C579-DA12-4082-9C9A-1C81EC25DA46}
	EndGlobalSection
EndGlobal
